
Microsoft Visual Studio Solution File, Format Version 12.00
# Visual Studio 2013
VisualStudioVersion = 12.0.21005.1
MinimumVisualStudioVersion = 10.0.40219.1
Project("{FAE04EC0-301F-11D3-BF4B-00C04F79EFBC}") = "HHGroup.Web", "HHGroup.Web\HHGroup.Web.csproj", "{D20A6CF0-45D6-4E27-B23A-C6CA4C463F61}"
EndProject
Project("{FAE04EC0-301F-11D3-BF4B-00C04F79EFBC}") = "HHGroup.DataProviders", "HHGroup.DataProviders\HHGroup.DataProviders.csproj", "{C7F4A88E-ADA3-4CC1-9FFD-4361B29DF9C7}"
EndProject
Global
	GlobalSection(SolutionConfigurationPlatforms) = preSolution
		Debug|Any CPU = Debug|Any CPU
		Release|Any CPU = Release|Any CPU
	EndGlobalSection
	GlobalSection(ProjectConfigurationPlatforms) = postSolution
		{D20A6CF0-45D6-4E27-B23A-C6CA4C463F61}.Debug|Any CPU.ActiveCfg = Debug|Any CPU
		{D20A6CF0-45D6-4E27-B23A-C6CA4C463F61}.Debug|Any CPU.Build.0 = Debug|Any CPU
		{D20A6CF0-45D6-4E27-B23A-C6CA4C463F61}.Release|Any CPU.ActiveCfg = Release|Any CPU
		{D20A6CF0-45D6-4E27-B23A-C6CA4C463F61}.Release|Any CPU.Build.0 = Release|Any CPU
		{C7F4A88E-ADA3-4CC1-9FFD-4361B29DF9C7}.Debug|Any CPU.ActiveCfg = Debug|Any CPU
		{C7F4A88E-ADA3-4CC1-9FFD-4361B29DF9C7}.Debug|Any CPU.Build.0 = Debug|Any CPU
		{C7F4A88E-ADA3-4CC1-9FFD-4361B29DF9C7}.Release|Any CPU.ActiveCfg = Release|Any CPU
		{C7F4A88E-ADA3-4CC1-9FFD-4361B29DF9C7}.Release|Any CPU.Build.0 = Release|Any CPU
	EndGlobalSection
	GlobalSection(SolutionProperties) = preSolution
		HideSolutionNode = FALSE
	EndGlobalSection
EndGlobal
